
Microsoft Visual Studio Solution File, Format Version 12.00
# Visual Studio Version 17
VisualStudioVersion = 17.13.35825.156 d17.13
MinimumVisualStudioVersion = 10.0.40219.1
Project("{FAE04EC0-301F-11D3-BF4B-00C04F79EFBC}") = "NZWalks.API", "NZWalks.API\NZWalks.API.csproj", "{06E438FC-E2F8-4E3D-93B0-D28D8EBB4585}"
EndProject
Global
	GlobalSection(SolutionConfigurationPlatforms) = preSolution
		Debug|Any CPU = Debug|Any CPU
		Release|Any CPU = Release|Any CPU
	EndGlobalSection
	GlobalSection(ProjectConfigurationPlatforms) = postSolution
		{06E438FC-E2F8-4E3D-93B0-D28D8EBB4585}.Debug|Any CPU.ActiveCfg = Debug|Any CPU
		{06E438FC-E2F8-4E3D-93B0-D28D8EBB4585}.Debug|Any CPU.Build.0 = Debug|Any CPU
		{06E438FC-E2F8-4E3D-93B0-D28D8EBB4585}.Release|Any CPU.ActiveCfg = Release|Any CPU
		{06E438FC-E2F8-4E3D-93B0-D28D8EBB4585}.Release|Any CPU.Build.0 = Release|Any CPU
	EndGlobalSection
	GlobalSection(SolutionProperties) = preSolution
		HideSolutionNode = FALSE
	EndGlobalSection
	GlobalSection(ExtensibilityGlobals) = postSolution
		SolutionGuid = {F9808079-C44F-4569-83EB-AFC951D24156}
	EndGlobalSection
EndGlobal
